{
  "version": 4,
  "terraform_version": "1.12.0",
  "serial": 3,
  "lineage": "3968eeee-1bb6-62b7-a0f2-935a2508e39f",
  "outputs": {
    "connection_strings": {
      "value": [
        [
          {
            "private": "",
            "private_endpoint": [],
            "private_srv": "",
            "standard": "mongodb://ac-qafgubj-shard-00-00.doiocxo.mongodb.net:27017,ac-qafgubj-shard-00-01.doiocxo.mongodb.net:27017,ac-qafgubj-shard-00-02.doiocxo.mongodb.net:27017/?ssl=true\u0026authSource=admin\u0026replicaSet=atlas-yhf3p5-shard-0",
            "standard_srv": "mongodb+srv://pov.doiocxo.mongodb.net"
          }
        ]
      ],
      "type": [
        "tuple",
        [
          [
            "list",
            [
              "object",
              {
                "private": "string",
                "private_endpoint": [
                  "list",
                  [
                    "object",
                    {
                      "connection_string": "string",
                      "endpoints": [
                        "list",
                        [
                          "object",
                          {
                            "endpoint_id": "string",
                            "provider_name": "string",
                            "region": "string"
                          }
                        ]
                      ],
                      "srv_connection_string": "string",
                      "srv_shard_optimized_connection_string": "string",
                      "type": "string"
                    }
                  ]
                ],
                "private_srv": "string",
                "standard": "string",
                "standard_srv": "string"
              }
            ]
          ]
        ]
      ]
    }
  },
  "resources": [
    {
      "mode": "managed",
      "type": "mongodbatlas_advanced_cluster",
      "name": "pov-terraform",
      "provider": "provider[\"registry.terraform.io/mongodb/mongodbatlas\"]",
      "instances": [
        {
          "schema_version": 1,
          "attributes": {
            "accept_data_risks_and_force_replica_set_reconfig": "",
            "advanced_configuration": [
              {
                "change_stream_options_pre_and_post_images_expire_after_seconds": -1,
                "custom_openssl_cipher_config_tls12": [],
                "default_max_time_ms": 0,
                "default_read_concern": "",
                "default_write_concern": "",
                "fail_index_key_too_long": false,
                "javascript_enabled": true,
                "minimum_enabled_tls_protocol": "",
                "no_table_scan": false,
                "oplog_min_retention_hours": 0,
                "oplog_size_mb": 0,
                "sample_refresh_interval_bi_connector": 0,
                "sample_size_bi_connector": 0,
                "tls_cipher_config_mode": "",
                "transaction_lifetime_limit_seconds": 0
              }
            ],
            "backup_enabled": false,
            "bi_connector_config": [
              {
                "enabled": false,
                "read_preference": "secondary"
              }
            ],
            "cluster_id": "682ad5e17d2dff33791c15c2",
            "cluster_type": "REPLICASET",
            "config_server_management_mode": "",
            "config_server_type": "",
            "connection_strings": [
              {
                "private": "",
                "private_endpoint": [],
                "private_srv": "",
                "standard": "mongodb://ac-qafgubj-shard-00-00.doiocxo.mongodb.net:27017,ac-qafgubj-shard-00-01.doiocxo.mongodb.net:27017,ac-qafgubj-shard-00-02.doiocxo.mongodb.net:27017/?ssl=true\u0026authSource=admin\u0026replicaSet=atlas-yhf3p5-shard-0",
                "standard_srv": "mongodb+srv://pov.doiocxo.mongodb.net"
              }
            ],
            "create_date": "2025-05-19T06:55:29Z",
            "disk_size_gb": 0.5,
            "encryption_at_rest_provider": "NONE",
            "global_cluster_self_managed_sharding": false,
            "id": "Y2x1c3Rlcl9pZA==:NjgyYWQ1ZTE3ZDJkZmYzMzc5MWMxNWMy-Y2x1c3Rlcl9uYW1l:UE9W-cHJvamVjdF9pZA==:NjgyYWQzNTQ4ZGZjOTk1YzgyZWUwYzQz",
            "labels": [],
            "mongo_db_major_version": "8.0",
            "mongo_db_version": "8.0.9",
            "name": "POV",
            "paused": false,
            "pinned_fcv": [],
            "pit_enabled": false,
            "project_id": "682ad3548dfc995c82ee0c43",
            "redact_client_log_data": false,
            "replica_set_scaling_strategy": "",
            "replication_specs": [
              {
                "container_id": {},
                "external_id": "682ad5e07d2dff33791c1584",
                "id": "682ad5e07d2dff33791c1583",
                "num_shards": 1,
                "region_configs": [
                  {
                    "analytics_auto_scaling": [],
                    "analytics_specs": [],
                    "auto_scaling": [],
                    "backing_provider_name": "GCP",
                    "electable_specs": [
                      {
                        "disk_iops": 0,
                        "disk_size_gb": 0.5,
                        "ebs_volume_type": "",
                        "instance_size": "M0",
                        "node_count": 0
                      }
                    ],
                    "priority": 7,
                    "provider_name": "TENANT",
                    "read_only_specs": [],
                    "region_name": "SOUTHEASTERN_ASIA_PACIFIC"
                  }
                ],
                "zone_id": "682ad5e07d2dff33791c1582",
                "zone_name": "ZoneName managed by Terraform"
              }
            ],
            "retain_backups_enabled": null,
            "root_cert_type": "ISRGROOTX1",
            "state_name": "IDLE",
            "tags": [],
            "termination_protection_enabled": false,
            "timeouts": null,
            "version_release_system": "LTS"
          },
          "sensitive_attributes": [],
          "identity_schema_version": 0,
          "private": "eyJlMmJmYjczMC1lY2FhLTExZTYtOGY4OC0zNDM2M2JjN2M0YzAiOnsiY3JlYXRlIjoxMDgwMDAwMDAwMDAwMCwiZGVsZXRlIjoxMDgwMDAwMDAwMDAwMCwidXBkYXRlIjoxMDgwMDAwMDAwMDAwMH0sInNjaGVtYV92ZXJzaW9uIjoiMSJ9"
        }
      ]
    },
    {
      "mode": "managed",
      "type": "mongodbatlas_database_user",
      "name": "my_user",
      "provider": "provider[\"registry.terraform.io/mongodb/mongodbatlas\"]",
      "instances": [
        {
          "schema_version": 0,
          "attributes": {
            "auth_database_name": "admin",
            "aws_iam_type": "NONE",
            "description": null,
            "id": "YXV0aF9kYXRhYmFzZV9uYW1l:YWRtaW4=-cHJvamVjdF9pZA==:NjgyYWQzNTQ4ZGZjOTk1YzgyZWUwYzQz-dXNlcm5hbWU=:ZmthZG1pbg==",
            "labels": [],
            "ldap_auth_type": "NONE",
            "oidc_auth_type": "NONE",
            "password": "fkpassword",
            "project_id": "682ad3548dfc995c82ee0c43",
            "roles": [
              {
                "collection_name": null,
                "database_name": "admin",
                "role_name": "atlasAdmin"
              }
            ],
            "scopes": [],
            "username": "fkadmin",
            "x509_type": "NONE"
          },
          "sensitive_attributes": [
            [
              {
                "type": "get_attr",
                "value": "password"
              }
            ]
          ],
          "identity_schema_version": 0
        }
      ]
    }
  ],
  "check_results": null
}
